
Microsoft Visual Studio Solution File, Format Version 12.00
# Visual Studio Version 17
VisualStudioVersion = 17.6.33712.159
MinimumVisualStudioVersion = 10.0.40219.1
Project("{FAE04EC0-301F-11D3-BF4B-00C04F79EFBC}") = "Hora", "Hora.csproj", "{75053A43-FDFB-4E16-84A9-F274CCFBCEB7}"
EndProject
Global
	GlobalSection(SolutionConfigurationPlatforms) = preSolution
		Debug|Any CPU = Debug|Any CPU
		Release|Any CPU = Release|Any CPU
	EndGlobalSection
	GlobalSection(ProjectConfigurationPlatforms) = postSolution
		{75053A43-FDFB-4E16-84A9-F274CCFBCEB7}.Debug|Any CPU.ActiveCfg = Debug|Any CPU
		{75053A43-FDFB-4E16-84A9-F274CCFBCEB7}.Debug|Any CPU.Build.0 = Debug|Any CPU
		{75053A43-FDFB-4E16-84A9-F274CCFBCEB7}.Release|Any CPU.ActiveCfg = Release|Any CPU
		{75053A43-FDFB-4E16-84A9-F274CCFBCEB7}.Release|Any CPU.Build.0 = Release|Any CPU
	EndGlobalSection
	GlobalSection(SolutionProperties) = preSolution
		HideSolutionNode = FALSE
	EndGlobalSection
	GlobalSection(ExtensibilityGlobals) = postSolution
		SolutionGuid = {BF92FA5A-542F-424E-A200-88E55056799A}
	EndGlobalSection
EndGlobal
