
Microsoft Visual Studio Solution File, Format Version 12.00
# Visual Studio Version 17
VisualStudioVersion = 17.6.33712.159
MinimumVisualStudioVersion = 10.0.40219.1
Project("{FAE04EC0-301F-11D3-BF4B-00C04F79EFBC}") = "Do while", "Do while.csproj", "{0BD922C8-DAFA-423C-8B4A-00959F0F06C5}"
EndProject
Global
	GlobalSection(SolutionConfigurationPlatforms) = preSolution
		Debug|Any CPU = Debug|Any CPU
		Release|Any CPU = Release|Any CPU
	EndGlobalSection
	GlobalSection(ProjectConfigurationPlatforms) = postSolution
		{0BD922C8-DAFA-423C-8B4A-00959F0F06C5}.Debug|Any CPU.ActiveCfg = Debug|Any CPU
		{0BD922C8-DAFA-423C-8B4A-00959F0F06C5}.Debug|Any CPU.Build.0 = Debug|Any CPU
		{0BD922C8-DAFA-423C-8B4A-00959F0F06C5}.Release|Any CPU.ActiveCfg = Release|Any CPU
		{0BD922C8-DAFA-423C-8B4A-00959F0F06C5}.Release|Any CPU.Build.0 = Release|Any CPU
	EndGlobalSection
	GlobalSection(SolutionProperties) = preSolution
		HideSolutionNode = FALSE
	EndGlobalSection
	GlobalSection(ExtensibilityGlobals) = postSolution
		SolutionGuid = {A515B0EC-4726-44E3-8212-17ECFACC4D34}
	EndGlobalSection
EndGlobal
